// !$*UTF8*$!
{
	archiveVersion = 1;
	classes = {
	};
	objectVersion = 46;
	objects = {

/* Begin PBXBuildFile section */
		75273F5C1D25182500DB972D /* main.m in Sources */ = {isa = PBXBuildFile; fileRef = 75273F5B1D25182500DB972D /* main.m */; };
		75273F5F1D25182500DB972D /* AppDelegate.m in Sources */ = {isa = PBXBuildFile; fileRef = 75273F5E1D25182500DB972D /* AppDelegate.m */; };
		75273F621D25182500DB972D /* ViewController.m in Sources */ = {isa = PBXBuildFile; fileRef = 75273F611D25182500DB972D /* ViewController.m */; };
		75273F651D25182500DB972D /* Main.storyboard in Resources */ = {isa = PBXBuildFile; fileRef = 75273F631D25182500DB972D /* Main.storyboard */; };
		75273F671D25182500DB972D /* Assets.xcassets in Resources */ = {isa = PBXBuildFile; fileRef = 75273F661D25182500DB972D /* Assets.xcassets */; };
		75273F6A1D25182500DB972D /* LaunchScreen.storyboard in Resources */ = {isa = PBXBuildFile; fileRef = 75273F681D25182500DB972D /* LaunchScreen.storyboard */; };
		75273F731D25184700DB972D /* RunTimeModel.m in Sources */ = {isa = PBXBuildFile; fileRef = 75273F721D25184700DB972D /* RunTimeModel.m */; };
		75273F761D2520AF00DB972D /* RuntimeManger.m in Sources */ = {isa = PBXBuildFile; fileRef = 75273F751D2520AF00DB972D /* RuntimeManger.m */; };
		7542F9221D34E83F0050FB7A /* ZJLogManger.m in Sources */ = {isa = PBXBuildFile; fileRef = 7542F9211D34E83F0050FB7A /* ZJLogManger.m */; };
		7542F9261D34EF310050FB7A /* GetLogFile.m in Sources */ = {isa = PBXBuildFile; fileRef = 7542F9251D34EF310050FB7A /* GetLogFile.m */; };
		7542F9291D34FF410050FB7A /* ZJLogTextView.m in Sources */ = {isa = PBXBuildFile; fileRef = 7542F9281D34FF410050FB7A /* ZJLogTextView.m */; };
		7554033E1D3330780040EB18 /* NSMutableArray+SafeArraySet.m in Sources */ = {isa = PBXBuildFile; fileRef = 7554033D1D3330780040EB18 /* NSMutableArray+SafeArraySet.m */; };
		75635E701D360BEA00F4D457 /* MarkView.m in Sources */ = {isa = PBXBuildFile; fileRef = 75635E6F1D360BEA00F4D457 /* MarkView.m */; };
		75EEE2581D37275400B8B9E7 /* LogImageSource.bundle in Resources */ = {isa = PBXBuildFile; fileRef = 75EEE2571D37275400B8B9E7 /* LogImageSource.bundle */; };
/* End PBXBuildFile section */

/* Begin PBXFileReference section */
		75273F571D25182500DB972D /* RunTime.app */ = {isa = PBXFileReference; explicitFileType = wrapper.application; includeInIndex = 0; path = RunTime.app; sourceTree = BUILT_PRODUCTS_DIR; };
		75273F5B1D25182500DB972D /* main.m */ = {isa = PBXFileReference; lastKnownFileType = sourcecode.c.objc; path = main.m; sourceTree = "<group>"; };
		75273F5D1D25182500DB972D /* AppDelegate.h */ = {isa = PBXFileReference; lastKnownFileType = sourcecode.c.h; path = AppDelegate.h; sourceTree = "<group>"; };
		75273F5E1D25182500DB972D /* AppDelegate.m */ = {isa = PBXFileReference; lastKnownFileType = sourcecode.c.objc; path = AppDelegate.m; sourceTree = "<group>"; };
		75273F601D25182500DB972D /* ViewController.h */ = {isa = PBXFileReference; lastKnownFileType = sourcecode.c.h; path = ViewController.h; sourceTree = "<group>"; };
		75273F611D25182500DB972D /* ViewController.m */ = {isa = PBXFileReference; lastKnownFileType = sourcecode.c.objc; path = ViewController.m; sourceTree = "<group>"; };
		75273F641D25182500DB972D /* Base */ = {isa = PBXFileReference; lastKnownFileType = file.storyboard; name = Base; path = Base.lproj/Main.storyboard; sourceTree = "<group>"; };
		75273F661D25182500DB972D /* Assets.xcassets */ = {isa = PBXFileReference; lastKnownFileType = folder.assetcatalog; path = Assets.xcassets; sourceTree = "<group>"; };
		75273F691D25182500DB972D /* Base */ = {isa = PBXFileReference; lastKnownFileType = file.storyboard; name = Base; path = Base.lproj/LaunchScreen.storyboard; sourceTree = "<group>"; };
		75273F6B1D25182500DB972D /* Info.plist */ = {isa = PBXFileReference; lastKnownFileType = text.plist.xml; path = Info.plist; sourceTree = "<group>"; };
		75273F711D25184700DB972D /* RunTimeModel.h */ = {isa = PBXFileReference; fileEncoding = 4; lastKnownFileType = sourcecode.c.h; path = RunTimeModel.h; sourceTree = "<group>"; };
		75273F721D25184700DB972D /* RunTimeModel.m */ = {isa = PBXFileReference; fileEncoding = 4; lastKnownFileType = sourcecode.c.objc; path = RunTimeModel.m; sourceTree = "<group>"; };
		75273F741D2520AF00DB972D /* RuntimeManger.h */ = {isa = PBXFileReference; fileEncoding = 4; lastKnownFileType = sourcecode.c.h; path = RuntimeManger.h; sourceTree = "<group>"; };
		75273F751D2520AF00DB972D /* RuntimeManger.m */ = {isa = PBXFileReference; fileEncoding = 4; lastKnownFileType = sourcecode.c.objc; path = RuntimeManger.m; sourceTree = "<group>"; };
		7542F91F1D34D1060050FB7A /* runtime.pch */ = {isa = PBXFileReference; fileEncoding = 4; lastKnownFileType = sourcecode.c.h; path = runtime.pch; sourceTree = "<group>"; };
		7542F9201D34E83F0050FB7A /* ZJLogManger.h */ = {isa = PBXFileReference; fileEncoding = 4; lastKnownFileType = sourcecode.c.h; path = ZJLogManger.h; sourceTree = "<group>"; };
		7542F9211D34E83F0050FB7A /* ZJLogManger.m */ = {isa = PBXFileReference; fileEncoding = 4; lastKnownFileType = sourcecode.c.objc; path = ZJLogManger.m; sourceTree = "<group>"; };
		7542F9241D34EF310050FB7A /* GetLogFile.h */ = {isa = PBXFileReference; fileEncoding = 4; lastKnownFileType = sourcecode.c.h; path = GetLogFile.h; sourceTree = "<group>"; };
		7542F9251D34EF310050FB7A /* GetLogFile.m */ = {isa = PBXFileReference; fileEncoding = 4; lastKnownFileType = sourcecode.c.objc; path = GetLogFile.m; sourceTree = "<group>"; };
		7542F9271D34FF410050FB7A /* ZJLogTextView.h */ = {isa = PBXFileReference; fileEncoding = 4; lastKnownFileType = sourcecode.c.h; path = ZJLogTextView.h; sourceTree = "<group>"; };
		7542F9281D34FF410050FB7A /* ZJLogTextView.m */ = {isa = PBXFileReference; fileEncoding = 4; lastKnownFileType = sourcecode.c.objc; path = ZJLogTextView.m; sourceTree = "<group>"; };
		7554033C1D3330780040EB18 /* NSMutableArray+SafeArraySet.h */ = {isa = PBXFileReference; fileEncoding = 4; lastKnownFileType = sourcecode.c.h; path = "NSMutableArray+SafeArraySet.h"; sourceTree = "<group>"; };
		7554033D1D3330780040EB18 /* NSMutableArray+SafeArraySet.m */ = {isa = PBXFileReference; fileEncoding = 4; lastKnownFileType = sourcecode.c.objc; path = "NSMutableArray+SafeArraySet.m"; sourceTree = "<group>"; };
		75635E6E1D360BE300F4D457 /* MarkView.h */ = {isa = PBXFileReference; fileEncoding = 4; lastKnownFileType = sourcecode.c.h; path = MarkView.h; sourceTree = "<group>"; };
		75635E6F1D360BEA00F4D457 /* MarkView.m */ = {isa = PBXFileReference; fileEncoding = 4; lastKnownFileType = sourcecode.c.objc; path = MarkView.m; sourceTree = "<group>"; };
		75EEE2571D37275400B8B9E7 /* LogImageSource.bundle */ = {isa = PBXFileReference; lastKnownFileType = "wrapper.plug-in"; name = LogImageSource.bundle; path = ../LogImageSource.bundle; sourceTree = "<group>"; };
/* End PBXFileReference section */

/* Begin PBXFrameworksBuildPhase section */
		75273F541D25182500DB972D /* Frameworks */ = {
			isa = PBXFrameworksBuildPhase;
			buildActionMask = 2147483647;
			files = (
			);
			runOnlyForDeploymentPostprocessing = 0;
		};
/* End PBXFrameworksBuildPhase section */

/* Begin PBXGroup section */
		75273F4E1D25182500DB972D = {
			isa = PBXGroup;
			children = (
				75273F591D25182500DB972D /* RunTime */,
				75273F581D25182500DB972D /* Products */,
			);
			sourceTree = "<group>";
		};
		75273F581D25182500DB972D /* Products */ = {
			isa = PBXGroup;
			children = (
				75273F571D25182500DB972D /* RunTime.app */,
			);
			name = Products;
			sourceTree = "<group>";
		};
		75273F591D25182500DB972D /* RunTime */ = {
			isa = PBXGroup;
			children = (
				75273F5D1D25182500DB972D /* AppDelegate.h */,
				75273F5E1D25182500DB972D /* AppDelegate.m */,
				7542F9231D34EF190050FB7A /* LogFile */,
				7542F91F1D34D1060050FB7A /* runtime.pch */,
				75635E6E1D360BE300F4D457 /* MarkView.h */,
				75635E6F1D360BEA00F4D457 /* MarkView.m */,
				75273F601D25182500DB972D /* ViewController.h */,
				75273F611D25182500DB972D /* ViewController.m */,
				75273F711D25184700DB972D /* RunTimeModel.h */,
				75273F721D25184700DB972D /* RunTimeModel.m */,
				75273F741D2520AF00DB972D /* RuntimeManger.h */,
				75273F751D2520AF00DB972D /* RuntimeManger.m */,
				7554033C1D3330780040EB18 /* NSMutableArray+SafeArraySet.h */,
				7554033D1D3330780040EB18 /* NSMutableArray+SafeArraySet.m */,
				75273F631D25182500DB972D /* Main.storyboard */,
				75273F661D25182500DB972D /* Assets.xcassets */,
				75273F681D25182500DB972D /* LaunchScreen.storyboard */,
				75273F6B1D25182500DB972D /* Info.plist */,
				75273F5A1D25182500DB972D /* Supporting Files */,
			);
			path = RunTime;
			sourceTree = "<group>";
		};
		75273F5A1D25182500DB972D /* Supporting Files */ = {
			isa = PBXGroup;
			children = (
				75273F5B1D25182500DB972D /* main.m */,
			);
			name = "Supporting Files";
			sourceTree = "<group>";
		};
		7542F9231D34EF190050FB7A /* LogFile */ = {
			isa = PBXGroup;
			children = (
				7542F9201D34E83F0050FB7A /* ZJLogManger.h */,
				7542F9211D34E83F0050FB7A /* ZJLogManger.m */,
				7542F9241D34EF310050FB7A /* GetLogFile.h */,
				7542F9251D34EF310050FB7A /* GetLogFile.m */,
				7542F9271D34FF410050FB7A /* ZJLogTextView.h */,
				7542F9281D34FF410050FB7A /* ZJLogTextView.m */,
				75EEE2571D37275400B8B9E7 /* LogImageSource.bundle */,
			);
			name = LogFile;
			sourceTree = "<group>";
		};
/* End PBXGroup section */

/* Begin PBXNativeTarget section */
		75273F561D25182500DB972D /* RunTime */ = {
			isa = PBXNativeTarget;
			buildConfigurationList = 75273F6E1D25182500DB972D /* Build configuration list for PBXNativeTarget "RunTime" */;
			buildPhases = (
				75273F531D25182500DB972D /* Sources */,
				75273F541D25182500DB972D /* Frameworks */,
				75273F551D25182500DB972D /* Resources */,
			);
			buildRules = (
			);
			dependencies = (
			);
			name = RunTime;
			productName = RunTime;
			productReference = 75273F571D25182500DB972D /* RunTime.app */;
			productType = "com.apple.product-type.application";
		};
/* End PBXNativeTarget section */

/* Begin PBXProject section */
		75273F4F1D25182500DB972D /* Project object */ = {
			isa = PBXProject;
			attributes = {
				LastUpgradeCheck = 0730;
				ORGANIZATIONNAME = zengjia;
				TargetAttributes = {
					75273F561D25182500DB972D = {
						CreatedOnToolsVersion = 7.3.1;
					};
				};
			};
			buildConfigurationList = 75273F521D25182500DB972D /* Build configuration list for PBXProject "RunTime" */;
			compatibilityVersion = "Xcode 3.2";
			developmentRegion = English;
			hasScannedForEncodings = 0;
			knownRegions = (
				en,
				Base,
			);
			mainGroup = 75273F4E1D25182500DB972D;
			productRefGroup = 75273F581D25182500DB972D /* Products */;
			projectDirPath = "";
			projectRoot = "";
			targets = (
				75273F561D25182500DB972D /* RunTime */,
			);
		};
/* End PBXProject section */

/* Begin PBXResourcesBuildPhase section */
		75273F551D25182500DB972D /* Resources */ = {
			isa = PBXResourcesBuildPhase;
			buildActionMask = 2147483647;
			files = (
				75273F6A1D25182500DB972D /* LaunchScreen.storyboard in Resources */,
				75273F671D25182500DB972D /* Assets.xcassets in Resources */,
				75EEE2581D37275400B8B9E7 /* LogImageSource.bundle in Resources */,
				75273F651D25182500DB972D /* Main.storyboard in Resources */,
			);
			runOnlyForDeploymentPostprocessing = 0;
		};
/* End PBXResourcesBuildPhase section */

/* Begin PBXSourcesBuildPhase section */
		75273F531D25182500DB972D /* Sources */ = {
			isa = PBXSourcesBuildPhase;
			buildActionMask = 2147483647;
			files = (
				7542F9291D34FF410050FB7A /* ZJLogTextView.m in Sources */,
				75273F621D25182500DB972D /* ViewController.m in Sources */,
				7542F9261D34EF310050FB7A /* GetLogFile.m in Sources */,
				75273F5F1D25182500DB972D /* AppDelegate.m in Sources */,
				75273F731D25184700DB972D /* RunTimeModel.m in Sources */,
				7542F9221D34E83F0050FB7A /* ZJLogManger.m in Sources */,
				7554033E1D3330780040EB18 /* NSMutableArray+SafeArraySet.m in Sources */,
				75273F5C1D25182500DB972D /* main.m in Sources */,
				75635E701D360BEA00F4D457 /* MarkView.m in Sources */,
				75273F761D2520AF00DB972D /* RuntimeManger.m in Sources */,
			);
			runOnlyForDeploymentPostprocessing = 0;
		};
/* End PBXSourcesBuildPhase section */

/* Begin PBXVariantGroup section */
		75273F631D25182500DB972D /* Main.storyboard */ = {
			isa = PBXVariantGroup;
			children = (
				75273F641D25182500DB972D /* Base */,
			);
			name = Main.storyboard;
			sourceTree = "<group>";
		};
		75273F681D25182500DB972D /* LaunchScreen.storyboard */ = {
			isa = PBXVariantGroup;
			children = (
				75273F691D25182500DB972D /* Base */,
			);
			name = LaunchScreen.storyboard;
			sourceTree = "<group>";
		};
/* End PBXVariantGroup section */

/* Begin XCBuildConfiguration section */
		75273F6C1D25182500DB972D /* Debug */ = {
			isa = XCBuildConfiguration;
			buildSettings = {
				ALWAYS_SEARCH_USER_PATHS = NO;
				CLANG_ANALYZER_NONNULL = YES;
				CLANG_CXX_LANGUAGE_STANDARD = "gnu++0x";
				CLANG_CXX_LIBRARY = "libc++";
				CLANG_ENABLE_MODULES = YES;
				CLANG_ENABLE_OBJC_ARC = YES;
				CLANG_WARN_BOOL_CONVERSION = YES;
				CLANG_WARN_CONSTANT_CONVERSION = YES;
				CLANG_WARN_DIRECT_OBJC_ISA_USAGE = YES_ERROR;
				CLANG_WARN_EMPTY_BODY = YES;
				CLANG_WARN_ENUM_CONVERSION = YES;
				CLANG_WARN_INT_CONVERSION = YES;
				CLANG_WARN_OBJC_ROOT_CLASS = YES_ERROR;
				CLANG_WARN_UNREACHABLE_CODE = YES;
				CLANG_WARN__DUPLICATE_METHOD_MATCH = YES;
				"CODE_SIGN_IDENTITY[sdk=iphoneos*]" = "iPhone Developer";
				COPY_PHASE_STRIP = NO;
				DEBUG_INFORMATION_FORMAT = dwarf;
				ENABLE_STRICT_OBJC_MSGSEND = YES;
				ENABLE_TESTABILITY = YES;
				GCC_C_LANGUAGE_STANDARD = gnu99;
				GCC_DYNAMIC_NO_PIC = NO;
				GCC_NO_COMMON_BLOCKS = YES;
				GCC_OPTIMIZATION_LEVEL = 0;
				GCC_PREPROCESSOR_DEFINITIONS = (
					"DEBUG=1",
					"$(inherited)",
				);
				GCC_WARN_64_TO_32_BIT_CONVERSION = YES;
				GCC_WARN_ABOUT_RETURN_TYPE = YES_ERROR;
				GCC_WARN_UNDECLARED_SELECTOR = YES;
				GCC_WARN_UNINITIALIZED_AUTOS = YES_AGGRESSIVE;
				GCC_WARN_UNUSED_FUNCTION = YES;
				GCC_WARN_UNUSED_VARIABLE = YES;
				IPHONEOS_DEPLOYMENT_TARGET = 9.3;
				MTL_ENABLE_DEBUG_INFO = YES;
				ONLY_ACTIVE_ARCH = YES;
				PROVISIONING_PROFILE = "a5ddda7b-9c12-426b-97ae-0a61a4a1b4c3";
				SDKROOT = iphoneos;
			};
			name = Debug;
		};
		75273F6D1D25182500DB972D /* Release */ = {
			isa = XCBuildConfiguration;
			buildSettings = {
				ALWAYS_SEARCH_USER_PATHS = NO;
				CLANG_ANALYZER_NONNULL = YES;
				CLANG_CXX_LANGUAGE_STANDARD = "gnu++0x";
				CLANG_CXX_LIBRARY = "libc++";
				CLANG_ENABLE_MODULES = YES;
				CLANG_ENABLE_OBJC_ARC = YES;
				CLANG_WARN_BOOL_CONVERSION = YES;
				CLANG_WARN_CONSTANT_CONVERSION = YES;
				CLANG_WARN_DIRECT_OBJC_ISA_USAGE = YES_ERROR;
				CLANG_WARN_EMPTY_BODY = YES;
				CLANG_WARN_ENUM_CONVERSION = YES;
				CLANG_WARN_INT_CONVERSION = YES;
				CLANG_WARN_OBJC_ROOT_CLASS = YES_ERROR;
				CLANG_WARN_UNREACHABLE_CODE = YES;
				CLANG_WARN__DUPLICATE_METHOD_MATCH = YES;
				"CODE_SIGN_IDENTITY[sdk=iphoneos*]" = "iPhone Developer";
				COPY_PHASE_STRIP = NO;
				DEBUG_INFORMATION_FORMAT = "dwarf-with-dsym";
				ENABLE_NS_ASSERTIONS = NO;
				ENABLE_STRICT_OBJC_MSGSEND = YES;
				GCC_C_LANGUAGE_STANDARD = gnu99;
				GCC_NO_COMMON_BLOCKS = YES;
				GCC_WARN_64_TO_32_BIT_CONVERSION = YES;
				GCC_WARN_ABOUT_RETURN_TYPE = YES_ERROR;
				GCC_WARN_UNDECLARED_SELECTOR = YES;
				GCC_WARN_UNINITIALIZED_AUTOS = YES_AGGRESSIVE;
				GCC_WARN_UNUSED_FUNCTION = YES;
				GCC_WARN_UNUSED_VARIABLE = YES;
				IPHONEOS_DEPLOYMENT_TARGET = 9.3;
				MTL_ENABLE_DEBUG_INFO = NO;
				PROVISIONING_PROFILE = "a5ddda7b-9c12-426b-97ae-0a61a4a1b4c3";
				SDKROOT = iphoneos;
				VALIDATE_PRODUCT = YES;
			};
			name = Release;
		};
		75273F6F1D25182500DB972D /* Debug */ = {
			isa = XCBuildConfiguration;
			buildSettings = {
				ASSETCATALOG_COMPILER_APPICON_NAME = AppIcon;
				CLANG_ENABLE_MODULES = YES;
				CODE_SIGN_IDENTITY = "iPhone Developer: Hang Chen (WE5GH4JWM6)";
				GCC_PRECOMPILE_PREFIX_HEADER = YES;
				GCC_PREFIX_HEADER = "$(SRCROOT)/RunTime/runtime.pch";
				INFOPLIST_FILE = RunTime/Info.plist;
				IPHONEOS_DEPLOYMENT_TARGET = 7.0;
				LD_RUNPATH_SEARCH_PATHS = "$(inherited) @executable_path/Frameworks";
				PRODUCT_BUNDLE_IDENTIFIER = com.zengjia.RunTime;
				PRODUCT_NAME = "$(TARGET_NAME)";
				PROVISIONING_PROFILE = "a5ddda7b-9c12-426b-97ae-0a61a4a1b4c3";
				SWIFT_OBJC_BRIDGING_HEADER = "RunTime/CocoaLumberjack/Classes/RunTime-Bridging-Header.h";
				SWIFT_OPTIMIZATION_LEVEL = "-Onone";
				VALIDATE_PRODUCT = YES;
			};
			name = Debug;
		};
		75273F701D25182500DB972D /* Release */ = {
			isa = XCBuildConfiguration;
			buildSettings = {
				ASSETCATALOG_COMPILER_APPICON_NAME = AppIcon;
				CLANG_ENABLE_MODULES = YES;
				"CODE_SIGN_IDENTITY[sdk=iphoneos*]" = "";
				GCC_PRECOMPILE_PREFIX_HEADER = YES;
				GCC_PREFIX_HEADER = "$(SRCROOT)/RunTime/runtime.pch";
				INFOPLIST_FILE = RunTime/Info.plist;
				IPHONEOS_DEPLOYMENT_TARGET = 7.0;
				LD_RUNPATH_SEARCH_PATHS = "$(inherited) @executable_path/Frameworks";
				PRODUCT_BUNDLE_IDENTIFIER = com.zengjia.RunTime;
				PRODUCT_NAME = "$(TARGET_NAME)";
				PROVISIONING_PROFILE = "a5ddda7b-9c12-426b-97ae-0a61a4a1b4c3";
				SWIFT_OBJC_BRIDGING_HEADER = "RunTime/CocoaLumberjack/Classes/RunTime-Bridging-Header.h";
			};
			name = Release;
		};
/* End XCBuildConfiguration section */

/* Begin XCConfigurationList section */
		75273F521D25182500DB972D /* Build configuration list for PBXProject "RunTime" */ = {
			isa = XCConfigurationList;
			buildConfigurations = (
				75273F6C1D25182500DB972D /* Debug */,
				75273F6D1D25182500DB972D /* Release */,
			);
			defaultConfigurationIsVisible = 0;
			defaultConfigurationName = Release;
		};
		75273F6E1D25182500DB972D /* Build configuration list for PBXNativeTarget "RunTime" */ = {
			isa = XCConfigurationList;
			buildConfigurations = (
				75273F6F1D25182500DB972D /* Debug */,
				75273F701D25182500DB972D /* Release */,
			);
			defaultConfigurationIsVisible = 0;
			defaultConfigurationName = Release;
		};
/* End XCConfigurationList section */
	};
	rootObject = 75273F4F1D25182500DB972D /* Project object */;
}
